
Microsoft Visual Studio Solution File, Format Version 12.00
# Visual Studio Version 17
VisualStudioVersion = 17.5.002.0
MinimumVisualStudioVersion = 10.0.40219.1
Project("{2150E333-8FDC-42A3-9474-1A3956D46DE8}") = "tests", "tests", "{3C23775B-81F4-4AFC-8DC7-9192007486AF}"
EndProject
Project("{FAE04EC0-301F-11D3-BF4B-00C04F79EFBC}") = "Panpipe.Presentation.Tests", "tests\Panpipe.Presentation.Tests\Panpipe.Presentation.Tests.csproj", "{D359BAFC-88F2-4386-9858-9A083D7F4B67}"
EndProject
Project("{2150E333-8FDC-42A3-9474-1A3956D46DE8}") = "src", "src", "{0DF67C8F-B0FE-4946-AD4D-4162559B483C}"
EndProject
Project("{FAE04EC0-301F-11D3-BF4B-00C04F79EFBC}") = "Panpipe.Application", "src\Panpipe.Application\Panpipe.Application.csproj", "{FCFDE8BA-0565-42EC-83AE-35A0621B79CB}"
EndProject
Project("{FAE04EC0-301F-11D3-BF4B-00C04F79EFBC}") = "Panpipe.Common", "src\Panpipe.Common\Panpipe.Common.csproj", "{B93A4AB8-434B-4600-9187-50F4C50EEABE}"
EndProject
Project("{FAE04EC0-301F-11D3-BF4B-00C04F79EFBC}") = "Panpipe.Domain", "src\Panpipe.Domain\Panpipe.Domain.csproj", "{874F371E-478A-4709-9150-5EB62F9DB0AB}"
EndProject
Project("{FAE04EC0-301F-11D3-BF4B-00C04F79EFBC}") = "Panpipe.Persistence", "src\Panpipe.Persistence\Panpipe.Persistence.csproj", "{C76007A0-EE22-404C-918A-AB74D15E3606}"
EndProject
Project("{FAE04EC0-301F-11D3-BF4B-00C04F79EFBC}") = "Panpipe.Presentation", "src\Panpipe.Presentation\Panpipe.Presentation.csproj", "{29E71724-9318-40C6-9DA8-8A7F9492F037}"
EndProject
Global
	GlobalSection(SolutionConfigurationPlatforms) = preSolution
		Debug|Any CPU = Debug|Any CPU
		Release|Any CPU = Release|Any CPU
	EndGlobalSection
	GlobalSection(ProjectConfigurationPlatforms) = postSolution
		{D359BAFC-88F2-4386-9858-9A083D7F4B67}.Debug|Any CPU.ActiveCfg = Debug|Any CPU
		{D359BAFC-88F2-4386-9858-9A083D7F4B67}.Debug|Any CPU.Build.0 = Debug|Any CPU
		{D359BAFC-88F2-4386-9858-9A083D7F4B67}.Release|Any CPU.ActiveCfg = Release|Any CPU
		{D359BAFC-88F2-4386-9858-9A083D7F4B67}.Release|Any CPU.Build.0 = Release|Any CPU
		{FCFDE8BA-0565-42EC-83AE-35A0621B79CB}.Debug|Any CPU.ActiveCfg = Debug|Any CPU
		{FCFDE8BA-0565-42EC-83AE-35A0621B79CB}.Debug|Any CPU.Build.0 = Debug|Any CPU
		{FCFDE8BA-0565-42EC-83AE-35A0621B79CB}.Release|Any CPU.ActiveCfg = Release|Any CPU
		{FCFDE8BA-0565-42EC-83AE-35A0621B79CB}.Release|Any CPU.Build.0 = Release|Any CPU
		{B93A4AB8-434B-4600-9187-50F4C50EEABE}.Debug|Any CPU.ActiveCfg = Debug|Any CPU
		{B93A4AB8-434B-4600-9187-50F4C50EEABE}.Debug|Any CPU.Build.0 = Debug|Any CPU
		{B93A4AB8-434B-4600-9187-50F4C50EEABE}.Release|Any CPU.ActiveCfg = Release|Any CPU
		{B93A4AB8-434B-4600-9187-50F4C50EEABE}.Release|Any CPU.Build.0 = Release|Any CPU
		{874F371E-478A-4709-9150-5EB62F9DB0AB}.Debug|Any CPU.ActiveCfg = Debug|Any CPU
		{874F371E-478A-4709-9150-5EB62F9DB0AB}.Debug|Any CPU.Build.0 = Debug|Any CPU
		{874F371E-478A-4709-9150-5EB62F9DB0AB}.Release|Any CPU.ActiveCfg = Release|Any CPU
		{874F371E-478A-4709-9150-5EB62F9DB0AB}.Release|Any CPU.Build.0 = Release|Any CPU
		{C76007A0-EE22-404C-918A-AB74D15E3606}.Debug|Any CPU.ActiveCfg = Debug|Any CPU
		{C76007A0-EE22-404C-918A-AB74D15E3606}.Debug|Any CPU.Build.0 = Debug|Any CPU
		{C76007A0-EE22-404C-918A-AB74D15E3606}.Release|Any CPU.ActiveCfg = Release|Any CPU
		{C76007A0-EE22-404C-918A-AB74D15E3606}.Release|Any CPU.Build.0 = Release|Any CPU
		{29E71724-9318-40C6-9DA8-8A7F9492F037}.Debug|Any CPU.ActiveCfg = Debug|Any CPU
		{29E71724-9318-40C6-9DA8-8A7F9492F037}.Debug|Any CPU.Build.0 = Debug|Any CPU
		{29E71724-9318-40C6-9DA8-8A7F9492F037}.Release|Any CPU.ActiveCfg = Release|Any CPU
		{29E71724-9318-40C6-9DA8-8A7F9492F037}.Release|Any CPU.Build.0 = Release|Any CPU
	EndGlobalSection
	GlobalSection(SolutionProperties) = preSolution
		HideSolutionNode = FALSE
	EndGlobalSection
	GlobalSection(NestedProjects) = preSolution
		{D359BAFC-88F2-4386-9858-9A083D7F4B67} = {3C23775B-81F4-4AFC-8DC7-9192007486AF}
		{FCFDE8BA-0565-42EC-83AE-35A0621B79CB} = {0DF67C8F-B0FE-4946-AD4D-4162559B483C}
		{B93A4AB8-434B-4600-9187-50F4C50EEABE} = {0DF67C8F-B0FE-4946-AD4D-4162559B483C}
		{874F371E-478A-4709-9150-5EB62F9DB0AB} = {0DF67C8F-B0FE-4946-AD4D-4162559B483C}
		{C76007A0-EE22-404C-918A-AB74D15E3606} = {0DF67C8F-B0FE-4946-AD4D-4162559B483C}
		{29E71724-9318-40C6-9DA8-8A7F9492F037} = {0DF67C8F-B0FE-4946-AD4D-4162559B483C}
	EndGlobalSection
	GlobalSection(ExtensibilityGlobals) = postSolution
		SolutionGuid = {0081F4D3-E4D4-40F5-B2BC-77A252F633DF}
	EndGlobalSection
EndGlobal
